
Microsoft Visual Studio Solution File, Format Version 12.00
# Visual Studio Version 16
VisualStudioVersion = 16.0.30320.27
MinimumVisualStudioVersion = 10.0.40219.1
Project("{FAE04EC0-301F-11D3-BF4B-00C04F79EFBC}") = "WebApplication1", "WebApplication1\WebApplication1.csproj", "{F929D947-7377-4081-A900-1466FFC24FDF}"
EndProject
Global
	GlobalSection(SolutionConfigurationPlatforms) = preSolution
		Debug|Any CPU = Debug|Any CPU
		Release|Any CPU = Release|Any CPU
	EndGlobalSection
	GlobalSection(ProjectConfigurationPlatforms) = postSolution
		{F929D947-7377-4081-A900-1466FFC24FDF}.Debug|Any CPU.ActiveCfg = Debug|Any CPU
		{F929D947-7377-4081-A900-1466FFC24FDF}.Debug|Any CPU.Build.0 = Debug|Any CPU
		{F929D947-7377-4081-A900-1466FFC24FDF}.Release|Any CPU.ActiveCfg = Release|Any CPU
		{F929D947-7377-4081-A900-1466FFC24FDF}.Release|Any CPU.Build.0 = Release|Any CPU
	EndGlobalSection
	GlobalSection(SolutionProperties) = preSolution
		HideSolutionNode = FALSE
	EndGlobalSection
	GlobalSection(ExtensibilityGlobals) = postSolution
		SolutionGuid = {7D949134-9152-41AA-A484-9172D8D031A8}
	EndGlobalSection
EndGlobal
