
Microsoft Visual Studio Solution File, Format Version 12.00
# Visual Studio Version 16
VisualStudioVersion = 16.0.30320.27
MinimumVisualStudioVersion = 10.0.40219.1
Project("{FAE04EC0-301F-11D3-BF4B-00C04F79EFBC}") = "BlindDatingjk", "BlindDatingjk\BlindDatingjk.csproj", "{E80D706F-B1EC-43EB-AC62-F22436A32207}"
EndProject
Global
	GlobalSection(SolutionConfigurationPlatforms) = preSolution
		Debug|Any CPU = Debug|Any CPU
		Release|Any CPU = Release|Any CPU
	EndGlobalSection
	GlobalSection(ProjectConfigurationPlatforms) = postSolution
		{E80D706F-B1EC-43EB-AC62-F22436A32207}.Debug|Any CPU.ActiveCfg = Debug|Any CPU
		{E80D706F-B1EC-43EB-AC62-F22436A32207}.Debug|Any CPU.Build.0 = Debug|Any CPU
		{E80D706F-B1EC-43EB-AC62-F22436A32207}.Release|Any CPU.ActiveCfg = Release|Any CPU
		{E80D706F-B1EC-43EB-AC62-F22436A32207}.Release|Any CPU.Build.0 = Release|Any CPU
	EndGlobalSection
	GlobalSection(SolutionProperties) = preSolution
		HideSolutionNode = FALSE
	EndGlobalSection
	GlobalSection(ExtensibilityGlobals) = postSolution
		SolutionGuid = {DCE962B8-EA4F-41A4-A2FA-5F48DC35565B}
	EndGlobalSection
EndGlobal
